
Microsoft Visual Studio Solution File, Format Version 12.00
# Visual Studio Version 16
VisualStudioVersion = 16.0.31829.152
MinimumVisualStudioVersion = 10.0.40219.1
Project("{9A19103F-16F7-4668-BE54-9A1E7A4F7556}") = "W1688589_EAD_PMS.Server", "W1688589_EAD_PMS\Server\W1688589_EAD_PMS.Server.csproj", "{92F82EDC-0621-43F2-A0F1-CE585E83429C}"
EndProject
Project("{9A19103F-16F7-4668-BE54-9A1E7A4F7556}") = "W1688589_EAD_PMS.Client", "W1688589_EAD_PMS\Client\W1688589_EAD_PMS.Client.csproj", "{0DCB6BA4-A375-4400-AC8D-965F1AC0F6D5}"
EndProject
Project("{9A19103F-16F7-4668-BE54-9A1E7A4F7556}") = "W1688589_EAD_PMS.Shared", "W1688589_EAD_PMS\Shared\W1688589_EAD_PMS.Shared.csproj", "{666F6B43-4BE3-4512-8D06-F628C81739D5}"
EndProject
Global
	GlobalSection(SolutionConfigurationPlatforms) = preSolution
		Debug|Any CPU = Debug|Any CPU
		Release|Any CPU = Release|Any CPU
	EndGlobalSection
	GlobalSection(ProjectConfigurationPlatforms) = postSolution
		{92F82EDC-0621-43F2-A0F1-CE585E83429C}.Debug|Any CPU.ActiveCfg = Debug|Any CPU
		{92F82EDC-0621-43F2-A0F1-CE585E83429C}.Debug|Any CPU.Build.0 = Debug|Any CPU
		{92F82EDC-0621-43F2-A0F1-CE585E83429C}.Release|Any CPU.ActiveCfg = Release|Any CPU
		{92F82EDC-0621-43F2-A0F1-CE585E83429C}.Release|Any CPU.Build.0 = Release|Any CPU
		{0DCB6BA4-A375-4400-AC8D-965F1AC0F6D5}.Debug|Any CPU.ActiveCfg = Debug|Any CPU
		{0DCB6BA4-A375-4400-AC8D-965F1AC0F6D5}.Debug|Any CPU.Build.0 = Debug|Any CPU
		{0DCB6BA4-A375-4400-AC8D-965F1AC0F6D5}.Release|Any CPU.ActiveCfg = Release|Any CPU
		{0DCB6BA4-A375-4400-AC8D-965F1AC0F6D5}.Release|Any CPU.Build.0 = Release|Any CPU
		{666F6B43-4BE3-4512-8D06-F628C81739D5}.Debug|Any CPU.ActiveCfg = Debug|Any CPU
		{666F6B43-4BE3-4512-8D06-F628C81739D5}.Debug|Any CPU.Build.0 = Debug|Any CPU
		{666F6B43-4BE3-4512-8D06-F628C81739D5}.Release|Any CPU.ActiveCfg = Release|Any CPU
		{666F6B43-4BE3-4512-8D06-F628C81739D5}.Release|Any CPU.Build.0 = Release|Any CPU
	EndGlobalSection
	GlobalSection(SolutionProperties) = preSolution
		HideSolutionNode = FALSE
	EndGlobalSection
	GlobalSection(ExtensibilityGlobals) = postSolution
		SolutionGuid = {94E79D9F-423A-4616-92E7-391C6366BEB2}
	EndGlobalSection
EndGlobal
